{
  "version": 4,
  "terraform_version": "1.11.0",
  "serial": 5,
  "lineage": "cdfce4ff-115b-04f9-26d2-c06e0e107837",
  "outputs": {
    "droplet_ip": {
      "value": "159.89.203.126",
      "type": "string"
    }
  },
  "resources": [
    {
      "mode": "managed",
      "type": "digitalocean_droplet",
      "name": "app",
      "provider": "provider[\"registry.terraform.io/digitalocean/digitalocean\"]",
      "instances": [
        {
          "schema_version": 1,
          "attributes": {
            "backup_policy": [],
            "backups": false,
            "created_at": "2025-02-28T10:24:40Z",
            "disk": 25,
            "droplet_agent": null,
            "graceful_shutdown": false,
            "id": "479950937",
            "image": "ubuntu-20-04-x64",
            "ipv4_address": "159.89.203.126",
            "ipv4_address_private": "10.104.0.8",
            "ipv6": false,
            "ipv6_address": "",
            "locked": false,
            "memory": 1024,
            "monitoring": false,
            "name": "redis-live-demo",
            "price_hourly": 0.00893,
            "price_monthly": 6,
            "private_networking": true,
            "region": "sgp1",
            "resize_disk": true,
            "size": "s-1vcpu-1gb",
            "ssh_keys": [
              "17:6d:ac:c9:62:5c:26:df:d1:65:f6:c2:c4:8c:8b:fb"
            ],
            "status": "active",
            "tags": [
              "app",
              "redis"
            ],
            "timeouts": null,
            "urn": "do:droplet:479950937",
            "user_data": "2e8657d1088f613ba52200b5b629a323d93cae06",
            "vcpus": 1,
            "volume_ids": [],
            "vpc_uuid": "dea0b048-3a1f-40bd-bb31-1d1f7e899645"
          },
          "sensitive_attributes": [],
          "private": "eyJlMmJmYjczMC1lY2FhLTExZTYtOGY4OC0zNDM2M2JjN2M0YzAiOnsiY3JlYXRlIjozNjAwMDAwMDAwMDAwLCJkZWxldGUiOjYwMDAwMDAwMDAwLCJ1cGRhdGUiOjM2MDAwMDAwMDAwMDB9LCJzY2hlbWFfdmVyc2lvbiI6IjEifQ==",
          "dependencies": [
            "digitalocean_ssh_key.default"
          ]
        }
      ]
    },
    {
      "mode": "managed",
      "type": "digitalocean_firewall",
      "name": "app_firewall",
      "provider": "provider[\"registry.terraform.io/digitalocean/digitalocean\"]",
      "instances": [
        {
          "schema_version": 0,
          "attributes": {
            "created_at": "2025-02-28T10:25:14Z",
            "droplet_ids": [
              479950937
            ],
            "id": "9c230ed8-94bd-41c6-a027-caf19a234abf",
            "inbound_rule": [
              {
                "port_range": "22",
                "protocol": "tcp",
                "source_addresses": [
                  "0.0.0.0/0"
                ],
                "source_droplet_ids": [],
                "source_kubernetes_ids": [],
                "source_load_balancer_uids": [],
                "source_tags": []
              },
              {
                "port_range": "80",
                "protocol": "tcp",
                "source_addresses": [
                  "0.0.0.0/0"
                ],
                "source_droplet_ids": [],
                "source_kubernetes_ids": [],
                "source_load_balancer_uids": [],
                "source_tags": []
              }
            ],
            "name": "app-firewall",
            "outbound_rule": [
              {
                "destination_addresses": [
                  "0.0.0.0/0"
                ],
                "destination_droplet_ids": [],
                "destination_kubernetes_ids": [],
                "destination_load_balancer_uids": [],
                "destination_tags": [],
                "port_range": "all",
                "protocol": "tcp"
              },
              {
                "destination_addresses": [
                  "0.0.0.0/0"
                ],
                "destination_droplet_ids": [],
                "destination_kubernetes_ids": [],
                "destination_load_balancer_uids": [],
                "destination_tags": [],
                "port_range": "all",
                "protocol": "udp"
              }
            ],
            "pending_changes": [
              {
                "droplet_id": 479950937,
                "removing": false,
                "status": "waiting"
              }
            ],
            "status": "waiting",
            "tags": null
          },
          "sensitive_attributes": [],
          "private": "bnVsbA==",
          "dependencies": [
            "digitalocean_droplet.app",
            "digitalocean_ssh_key.default"
          ]
        }
      ]
    },
    {
      "mode": "managed",
      "type": "digitalocean_ssh_key",
      "name": "default",
      "provider": "provider[\"registry.terraform.io/digitalocean/digitalocean\"]",
      "instances": [
        {
          "schema_version": 0,
          "attributes": {
            "fingerprint": "17:6d:ac:c9:62:5c:26:df:d1:65:f6:c2:c4:8c:8b:fb",
            "id": "44506066",
            "name": "ssh-mac-work",
            "public_key": "ssh-rsa AAAAB3NzaC1yc2EAAAADAQABAAABgQCrOTQC5sSvTzK8cVmc8oXftaN7I8M9BabpKyfHMLNb3kgbm5FaN3Tlq7RS7zMhuD0vF4bJghMcdzCvpMErT8kIsaRL4ielDKKqeXpGxMD3oQUHDwrVluRp42KoglJ7YR9WCDunrnmHCj+ZWI9lWVJrbIJQ6bdPNxpoW5UG3srWBu9d7jP9TQZY8tFbAt9+IQLWzRgODr18Er2szLMd4O5PCplM8IkKPz2rOtWYhIiNl9dc5F0KseFWUvKwfUmDhJReYTfeLrPhRnN3t1fSvHv8a1V+CY04tYAa/7dyUoYefryyhKpXKfMrtjUXwVm4PonKeJYBjHcA4DJMCr3qBj2ZCS4IlHVIAaeic06Q01I/3vtHTpfNWgEVyowHmkvTr9vaHXTF4vBY/0/utwkgVfNzmExQ0JnmAPNaD3RRFAFkXe1iS3Je77OPTfsLKWVPS8bHHx4Vx7Zyk2IGSyFSRD4jIPNF2TvQ48/c0UcKsfYh7h3YlJ0jsBLIbP55BfdsZ0M= logan.flint56@yahoo.com",
            "timeouts": null
          },
          "sensitive_attributes": [],
          "private": "eyJlMmJmYjczMC1lY2FhLTExZTYtOGY4OC0zNDM2M2JjN2M0YzAiOnsiY3JlYXRlIjoxMjAwMDAwMDAwMDB9LCJzY2hlbWFfdmVyc2lvbiI6IjAifQ=="
        }
      ]
    }
  ],
  "check_results": null
}
