{
  "version": 4,
  "terraform_version": "1.11.0",
  "serial": 2,
  "lineage": "cdfce4ff-115b-04f9-26d2-c06e0e107837",
  "outputs": {
    "droplet_ip": {
      "value": null,
      "type": "string"
    }
  },
  "resources": [
    {
      "mode": "managed",
      "type": "digitalocean_ssh_key",
      "name": "default",
      "provider": "provider[\"registry.terraform.io/digitalocean/digitalocean\"]",
      "instances": [
        {
          "schema_version": 0,
          "attributes": {
            "fingerprint": "17:6d:ac:c9:62:5c:26:df:d1:65:f6:c2:c4:8c:8b:fb",
            "id": "44506066",
            "name": "ssh-mac-work",
            "public_key": "ssh-rsa AAAAB3NzaC1yc2EAAAADAQABAAABgQCrOTQC5sSvTzK8cVmc8oXftaN7I8M9BabpKyfHMLNb3kgbm5FaN3Tlq7RS7zMhuD0vF4bJghMcdzCvpMErT8kIsaRL4ielDKKqeXpGxMD3oQUHDwrVluRp42KoglJ7YR9WCDunrnmHCj+ZWI9lWVJrbIJQ6bdPNxpoW5UG3srWBu9d7jP9TQZY8tFbAt9+IQLWzRgODr18Er2szLMd4O5PCplM8IkKPz2rOtWYhIiNl9dc5F0KseFWUvKwfUmDhJReYTfeLrPhRnN3t1fSvHv8a1V+CY04tYAa/7dyUoYefryyhKpXKfMrtjUXwVm4PonKeJYBjHcA4DJMCr3qBj2ZCS4IlHVIAaeic06Q01I/3vtHTpfNWgEVyowHmkvTr9vaHXTF4vBY/0/utwkgVfNzmExQ0JnmAPNaD3RRFAFkXe1iS3Je77OPTfsLKWVPS8bHHx4Vx7Zyk2IGSyFSRD4jIPNF2TvQ48/c0UcKsfYh7h3YlJ0jsBLIbP55BfdsZ0M= logan.flint56@yahoo.com",
            "timeouts": null
          },
          "sensitive_attributes": [],
          "private": "eyJlMmJmYjczMC1lY2FhLTExZTYtOGY4OC0zNDM2M2JjN2M0YzAiOnsiY3JlYXRlIjoxMjAwMDAwMDAwMDB9LCJzY2hlbWFfdmVyc2lvbiI6IjAifQ=="
        }
      ]
    }
  ],
  "check_results": null
}
